
Microsoft Visual Studio Solution File, Format Version 12.00
# Visual Studio Version 17
VisualStudioVersion = 17.5.002.0
MinimumVisualStudioVersion = 10.0.40219.1
Project("{2150E333-8FDC-42A3-9474-1A3956D46DE8}") = "Src", "Src", "{CB74292A-6D49-44A8-AF7B-F0877E018528}"
EndProject
Project("{2150E333-8FDC-42A3-9474-1A3956D46DE8}") = "Presentation", "Presentation", "{BB7BB19F-F52A-4540-B190-02C8B96CA322}"
EndProject
Project("{9A19103F-16F7-4668-BE54-9A1E7A4F7556}") = "PizzaDelivery.WebAPI", "Src\Presentation\PizzaDelivery.WebAPI\PizzaDelivery.WebAPI.csproj", "{F43FA63D-6590-426D-B46F-E60A4D0F65B7}"
EndProject
Project("{2150E333-8FDC-42A3-9474-1A3956D46DE8}") = "Infrastructure", "Infrastructure", "{8B21B8DC-ECFD-4891-B895-D05B4DB6864B}"
EndProject
Project("{2150E333-8FDC-42A3-9474-1A3956D46DE8}") = "Infrastructure", "Infrastructure", "{F4D8E00D-C0BD-4A15-984D-6452BDB8A76A}"
EndProject
Project("{9A19103F-16F7-4668-BE54-9A1E7A4F7556}") = "PizzaDelivery.TokenAuntification", "Src\Infrastructure\Infrastructure\PizzaDelivery.TokenAuntification\PizzaDelivery.TokenAuntification.csproj", "{CD06A46C-B48E-489D-A0C2-A3EDA0309EFB}"
EndProject
Project("{9A19103F-16F7-4668-BE54-9A1E7A4F7556}") = "PizzaDelivery.GraphQL", "Src\Presentation\PizzaDelivery.GraphQL\PizzaDelivery.GraphQL.csproj", "{BCEA9281-8DF1-4305-B5D0-CD7A70CF604C}"
EndProject
Project("{2150E333-8FDC-42A3-9474-1A3956D46DE8}") = "Persistense", "Persistense", "{C1C7B9D3-6880-42C1-B74E-CC4D7787F164}"
EndProject
Project("{9A19103F-16F7-4668-BE54-9A1E7A4F7556}") = "PizzaDelivery.DAL", "Src\Infrastructure\Persistense\PizzaDelivery.DAL\PizzaDelivery.DAL.csproj", "{7F44FF89-0BFA-4774-8E60-A9724400BC6C}"
EndProject
Project("{2150E333-8FDC-42A3-9474-1A3956D46DE8}") = "Core", "Core", "{E0C9F97B-43AC-454A-982B-615C7423D500}"
EndProject
Project("{2150E333-8FDC-42A3-9474-1A3956D46DE8}") = "Domain", "Domain", "{2846E0B3-8DA4-4707-B7B5-6A103B179A9E}"
EndProject
Project("{FAE04EC0-301F-11D3-BF4B-00C04F79EFBC}") = "PizzaDelivery.Domain", "Src\Core\Domain\PizzaDelivery.Domain\PizzaDelivery.Domain.csproj", "{2FF15060-1C29-49A7-8901-FAF902C36CCE}"
EndProject
Project("{2150E333-8FDC-42A3-9474-1A3956D46DE8}") = "Common", "Common", "{985E6AF1-0FBD-465E-8CA6-9F1E17EFF8D7}"
EndProject
Project("{FAE04EC0-301F-11D3-BF4B-00C04F79EFBC}") = "PizzaDelivery.Common", "Src\Core\Common\PizzaDelivery.Common\PizzaDelivery.Common.csproj", "{F02B69C9-F339-4E7C-AC83-035E71E9C79C}"
EndProject
Project("{2150E333-8FDC-42A3-9474-1A3956D46DE8}") = "App", "App", "{87841987-E30F-4B75-847A-2B3367F131A2}"
EndProject
Project("{FAE04EC0-301F-11D3-BF4B-00C04F79EFBC}") = "PizzaDelivery.App", "Src\Core\App\PizzaDelivery.App\PizzaDelivery.App.csproj", "{EF9A7787-38D6-45D7-A361-DF194661822C}"
EndProject
Project("{FAE04EC0-301F-11D3-BF4B-00C04F79EFBC}") = "PizzaDeliveryApp.DAL", "Src\Infrastructure\Persistense\PizzaDeliveryApp.DAL\PizzaDeliveryApp.DAL.csproj", "{0F2D66B1-E396-4F73-836F-4C864BAAFE64}"
EndProject
Global
	GlobalSection(SolutionConfigurationPlatforms) = preSolution
		Debug|Any CPU = Debug|Any CPU
		Release|Any CPU = Release|Any CPU
	EndGlobalSection
	GlobalSection(ProjectConfigurationPlatforms) = postSolution
		{F43FA63D-6590-426D-B46F-E60A4D0F65B7}.Debug|Any CPU.ActiveCfg = Debug|Any CPU
		{F43FA63D-6590-426D-B46F-E60A4D0F65B7}.Debug|Any CPU.Build.0 = Debug|Any CPU
		{F43FA63D-6590-426D-B46F-E60A4D0F65B7}.Release|Any CPU.ActiveCfg = Release|Any CPU
		{F43FA63D-6590-426D-B46F-E60A4D0F65B7}.Release|Any CPU.Build.0 = Release|Any CPU
		{CD06A46C-B48E-489D-A0C2-A3EDA0309EFB}.Debug|Any CPU.ActiveCfg = Debug|Any CPU
		{CD06A46C-B48E-489D-A0C2-A3EDA0309EFB}.Debug|Any CPU.Build.0 = Debug|Any CPU
		{CD06A46C-B48E-489D-A0C2-A3EDA0309EFB}.Release|Any CPU.ActiveCfg = Release|Any CPU
		{CD06A46C-B48E-489D-A0C2-A3EDA0309EFB}.Release|Any CPU.Build.0 = Release|Any CPU
		{BCEA9281-8DF1-4305-B5D0-CD7A70CF604C}.Debug|Any CPU.ActiveCfg = Debug|Any CPU
		{BCEA9281-8DF1-4305-B5D0-CD7A70CF604C}.Debug|Any CPU.Build.0 = Debug|Any CPU
		{BCEA9281-8DF1-4305-B5D0-CD7A70CF604C}.Release|Any CPU.ActiveCfg = Release|Any CPU
		{BCEA9281-8DF1-4305-B5D0-CD7A70CF604C}.Release|Any CPU.Build.0 = Release|Any CPU
		{7F44FF89-0BFA-4774-8E60-A9724400BC6C}.Debug|Any CPU.ActiveCfg = Debug|Any CPU
		{7F44FF89-0BFA-4774-8E60-A9724400BC6C}.Debug|Any CPU.Build.0 = Debug|Any CPU
		{7F44FF89-0BFA-4774-8E60-A9724400BC6C}.Release|Any CPU.ActiveCfg = Release|Any CPU
		{7F44FF89-0BFA-4774-8E60-A9724400BC6C}.Release|Any CPU.Build.0 = Release|Any CPU
		{2FF15060-1C29-49A7-8901-FAF902C36CCE}.Debug|Any CPU.ActiveCfg = Debug|Any CPU
		{2FF15060-1C29-49A7-8901-FAF902C36CCE}.Debug|Any CPU.Build.0 = Debug|Any CPU
		{2FF15060-1C29-49A7-8901-FAF902C36CCE}.Release|Any CPU.ActiveCfg = Release|Any CPU
		{2FF15060-1C29-49A7-8901-FAF902C36CCE}.Release|Any CPU.Build.0 = Release|Any CPU
		{F02B69C9-F339-4E7C-AC83-035E71E9C79C}.Debug|Any CPU.ActiveCfg = Debug|Any CPU
		{F02B69C9-F339-4E7C-AC83-035E71E9C79C}.Debug|Any CPU.Build.0 = Debug|Any CPU
		{F02B69C9-F339-4E7C-AC83-035E71E9C79C}.Release|Any CPU.ActiveCfg = Release|Any CPU
		{F02B69C9-F339-4E7C-AC83-035E71E9C79C}.Release|Any CPU.Build.0 = Release|Any CPU
		{EF9A7787-38D6-45D7-A361-DF194661822C}.Debug|Any CPU.ActiveCfg = Debug|Any CPU
		{EF9A7787-38D6-45D7-A361-DF194661822C}.Debug|Any CPU.Build.0 = Debug|Any CPU
		{EF9A7787-38D6-45D7-A361-DF194661822C}.Release|Any CPU.ActiveCfg = Release|Any CPU
		{EF9A7787-38D6-45D7-A361-DF194661822C}.Release|Any CPU.Build.0 = Release|Any CPU
		{67856DCC-BCD0-4B94-80F0-EE35E4ED3765}.Debug|Any CPU.ActiveCfg = Debug|Any CPU
		{67856DCC-BCD0-4B94-80F0-EE35E4ED3765}.Debug|Any CPU.Build.0 = Debug|Any CPU
		{67856DCC-BCD0-4B94-80F0-EE35E4ED3765}.Release|Any CPU.ActiveCfg = Release|Any CPU
		{67856DCC-BCD0-4B94-80F0-EE35E4ED3765}.Release|Any CPU.Build.0 = Release|Any CPU
		{0F2D66B1-E396-4F73-836F-4C864BAAFE64}.Debug|Any CPU.ActiveCfg = Debug|Any CPU
		{0F2D66B1-E396-4F73-836F-4C864BAAFE64}.Debug|Any CPU.Build.0 = Debug|Any CPU
		{0F2D66B1-E396-4F73-836F-4C864BAAFE64}.Release|Any CPU.ActiveCfg = Release|Any CPU
		{0F2D66B1-E396-4F73-836F-4C864BAAFE64}.Release|Any CPU.Build.0 = Release|Any CPU
	EndGlobalSection
	GlobalSection(SolutionProperties) = preSolution
		HideSolutionNode = FALSE
	EndGlobalSection
	GlobalSection(NestedProjects) = preSolution
		{BB7BB19F-F52A-4540-B190-02C8B96CA322} = {CB74292A-6D49-44A8-AF7B-F0877E018528}
		{F43FA63D-6590-426D-B46F-E60A4D0F65B7} = {BB7BB19F-F52A-4540-B190-02C8B96CA322}
		{8B21B8DC-ECFD-4891-B895-D05B4DB6864B} = {CB74292A-6D49-44A8-AF7B-F0877E018528}
		{F4D8E00D-C0BD-4A15-984D-6452BDB8A76A} = {8B21B8DC-ECFD-4891-B895-D05B4DB6864B}
		{CD06A46C-B48E-489D-A0C2-A3EDA0309EFB} = {F4D8E00D-C0BD-4A15-984D-6452BDB8A76A}
		{BCEA9281-8DF1-4305-B5D0-CD7A70CF604C} = {F4D8E00D-C0BD-4A15-984D-6452BDB8A76A}
		{C1C7B9D3-6880-42C1-B74E-CC4D7787F164} = {8B21B8DC-ECFD-4891-B895-D05B4DB6864B}
		{7F44FF89-0BFA-4774-8E60-A9724400BC6C} = {C1C7B9D3-6880-42C1-B74E-CC4D7787F164}
		{E0C9F97B-43AC-454A-982B-615C7423D500} = {CB74292A-6D49-44A8-AF7B-F0877E018528}
		{2846E0B3-8DA4-4707-B7B5-6A103B179A9E} = {E0C9F97B-43AC-454A-982B-615C7423D500}
		{2FF15060-1C29-49A7-8901-FAF902C36CCE} = {2846E0B3-8DA4-4707-B7B5-6A103B179A9E}
		{985E6AF1-0FBD-465E-8CA6-9F1E17EFF8D7} = {E0C9F97B-43AC-454A-982B-615C7423D500}
		{F02B69C9-F339-4E7C-AC83-035E71E9C79C} = {985E6AF1-0FBD-465E-8CA6-9F1E17EFF8D7}
		{87841987-E30F-4B75-847A-2B3367F131A2} = {E0C9F97B-43AC-454A-982B-615C7423D500}
		{EF9A7787-38D6-45D7-A361-DF194661822C} = {87841987-E30F-4B75-847A-2B3367F131A2}
		{0F2D66B1-E396-4F73-836F-4C864BAAFE64} = {C1C7B9D3-6880-42C1-B74E-CC4D7787F164}
	EndGlobalSection
	GlobalSection(ExtensibilityGlobals) = postSolution
		SolutionGuid = {A46A0271-E880-4543-8463-F620F2269980}
	EndGlobalSection
EndGlobal
